// !$*UTF8*$!
{
	archiveVersion = 1;
	classes = {
	};
	objectVersion = 77;
	objects = {

/* Begin PBXContainerItemProxy section */
		509E70EB2DF6C23600C5ED79 /* PBXContainerItemProxy */ = {
			isa = PBXContainerItemProxy;
			containerPortal = 509E70D52DF6C23500C5ED79 /* Project object */;
			proxyType = 1;
			remoteGlobalIDString = 509E70DC2DF6C23500C5ED79;
			remoteInfo = VisionExploration;
		};
		509E70F52DF6C23600C5ED79 /* PBXContainerItemProxy */ = {
			isa = PBXContainerItemProxy;
			containerPortal = 509E70D52DF6C23500C5ED79 /* Project object */;
			proxyType = 1;
			remoteGlobalIDString = 509E70DC2DF6C23500C5ED79;
			remoteInfo = VisionExploration;
		};
/* End PBXContainerItemProxy section */

/* Begin PBXFileReference section */
		509E70DD2DF6C23500C5ED79 /* VisionExploration.app */ = {isa = PBXFileReference; explicitFileType = wrapper.application; includeInIndex = 0; path = VisionExploration.app; sourceTree = BUILT_PRODUCTS_DIR; };
		509E70EA2DF6C23600C5ED79 /* VisionExplorationTests.xctest */ = {isa = PBXFileReference; explicitFileType = wrapper.cfbundle; includeInIndex = 0; path = VisionExplorationTests.xctest; sourceTree = BUILT_PRODUCTS_DIR; };
		509E70F42DF6C23600C5ED79 /* VisionExplorationUITests.xctest */ = {isa = PBXFileReference; explicitFileType = wrapper.cfbundle; includeInIndex = 0; path = VisionExplorationUITests.xctest; sourceTree = BUILT_PRODUCTS_DIR; };
/* End PBXFileReference section */

/* Begin PBXFileSystemSynchronizedBuildFileExceptionSet section */
		509E71082DF6C4D400C5ED79 /* Exceptions for "VisionExploration" folder in "VisionExploration" target */ = {
			isa = PBXFileSystemSynchronizedBuildFileExceptionSet;
			membershipExceptions = (
				Info.plist,
			);
			target = 509E70DC2DF6C23500C5ED79 /* VisionExploration */;
		};
/* End PBXFileSystemSynchronizedBuildFileExceptionSet section */

/* Begin PBXFileSystemSynchronizedRootGroup section */
		509E70DF2DF6C23500C5ED79 /* VisionExploration */ = {
			isa = PBXFileSystemSynchronizedRootGroup;
			exceptions = (
				509E71082DF6C4D400C5ED79 /* Exceptions for "VisionExploration" folder in "VisionExploration" target */,
			);
			path = VisionExploration;
			sourceTree = "<group>";
		};
		509E70ED2DF6C23600C5ED79 /* VisionExplorationTests */ = {
			isa = PBXFileSystemSynchronizedRootGroup;
			path = VisionExplorationTests;
			sourceTree = "<group>";
		};
		509E70F72DF6C23600C5ED79 /* VisionExplorationUITests */ = {
			isa = PBXFileSystemSynchronizedRootGroup;
			path = VisionExplorationUITests;
			sourceTree = "<group>";
		};
/* End PBXFileSystemSynchronizedRootGroup section */

/* Begin PBXFrameworksBuildPhase section */
		509E70DA2DF6C23500C5ED79 /* Frameworks */ = {
			isa = PBXFrameworksBuildPhase;
			buildActionMask = 2147483647;
			files = (
			);
			runOnlyForDeploymentPostprocessing = 0;
		};
		509E70E72DF6C23600C5ED79 /* Frameworks */ = {
			isa = PBXFrameworksBuildPhase;
			buildActionMask = 2147483647;
			files = (
			);
			runOnlyForDeploymentPostprocessing = 0;
		};
		509E70F12DF6C23600C5ED79 /* Frameworks */ = {
			isa = PBXFrameworksBuildPhase;
			buildActionMask = 2147483647;
			files = (
			);
			runOnlyForDeploymentPostprocessing = 0;
		};
/* End PBXFrameworksBuildPhase section */

/* Begin PBXGroup section */
		509E70D42DF6C23500C5ED79 = {
			isa = PBXGroup;
			children = (
				509E70DF2DF6C23500C5ED79 /* VisionExploration */,
				509E70ED2DF6C23600C5ED79 /* VisionExplorationTests */,
				509E70F72DF6C23600C5ED79 /* VisionExplorationUITests */,
				509E70DE2DF6C23500C5ED79 /* Products */,
			);
			sourceTree = "<group>";
		};
		509E70DE2DF6C23500C5ED79 /* Products */ = {
			isa = PBXGroup;
			children = (
				509E70DD2DF6C23500C5ED79 /* VisionExploration.app */,
				509E70EA2DF6C23600C5ED79 /* VisionExplorationTests.xctest */,
				509E70F42DF6C23600C5ED79 /* VisionExplorationUITests.xctest */,
			);
			name = Products;
			sourceTree = "<group>";
		};
/* End PBXGroup section */

/* Begin PBXNativeTarget section */
		509E70DC2DF6C23500C5ED79 /* VisionExploration */ = {
			isa = PBXNativeTarget;
			buildConfigurationList = 509E70FE2DF6C23600C5ED79 /* Build configuration list for PBXNativeTarget "VisionExploration" */;
			buildPhases = (
				509E70D92DF6C23500C5ED79 /* Sources */,
				509E70DA2DF6C23500C5ED79 /* Frameworks */,
				509E70DB2DF6C23500C5ED79 /* Resources */,
			);
			buildRules = (
			);
			dependencies = (
			);
			fileSystemSynchronizedGroups = (
				509E70DF2DF6C23500C5ED79 /* VisionExploration */,
			);
			name = VisionExploration;
			packageProductDependencies = (
			);
			productName = VisionExploration;
			productReference = 509E70DD2DF6C23500C5ED79 /* VisionExploration.app */;
			productType = "com.apple.product-type.application";
		};
		509E70E92DF6C23600C5ED79 /* VisionExplorationTests */ = {
			isa = PBXNativeTarget;
			buildConfigurationList = 509E71012DF6C23600C5ED79 /* Build configuration list for PBXNativeTarget "VisionExplorationTests" */;
			buildPhases = (
				509E70E62DF6C23600C5ED79 /* Sources */,
				509E70E72DF6C23600C5ED79 /* Frameworks */,
				509E70E82DF6C23600C5ED79 /* Resources */,
			);
			buildRules = (
			);
			dependencies = (
				509E70EC2DF6C23600C5ED79 /* PBXTargetDependency */,
			);
			fileSystemSynchronizedGroups = (
				509E70ED2DF6C23600C5ED79 /* VisionExplorationTests */,
			);
			name = VisionExplorationTests;
			packageProductDependencies = (
			);
			productName = VisionExplorationTests;
			productReference = 509E70EA2DF6C23600C5ED79 /* VisionExplorationTests.xctest */;
			productType = "com.apple.product-type.bundle.unit-test";
		};
		509E70F32DF6C23600C5ED79 /* VisionExplorationUITests */ = {
			isa = PBXNativeTarget;
			buildConfigurationList = 509E71042DF6C23600C5ED79 /* Build configuration list for PBXNativeTarget "VisionExplorationUITests" */;
			buildPhases = (
				509E70F02DF6C23600C5ED79 /* Sources */,
				509E70F12DF6C23600C5ED79 /* Frameworks */,
				509E70F22DF6C23600C5ED79 /* Resources */,
			);
			buildRules = (
			);
			dependencies = (
				509E70F62DF6C23600C5ED79 /* PBXTargetDependency */,
			);
			fileSystemSynchronizedGroups = (
				509E70F72DF6C23600C5ED79 /* VisionExplorationUITests */,
			);
			name = VisionExplorationUITests;
			packageProductDependencies = (
			);
			productName = VisionExplorationUITests;
			productReference = 509E70F42DF6C23600C5ED79 /* VisionExplorationUITests.xctest */;
			productType = "com.apple.product-type.bundle.ui-testing";
		};
/* End PBXNativeTarget section */

/* Begin PBXProject section */
		509E70D52DF6C23500C5ED79 /* Project object */ = {
			isa = PBXProject;
			attributes = {
				BuildIndependentTargetsInParallel = 1;
				LastSwiftUpdateCheck = 1630;
				LastUpgradeCheck = 1630;
				TargetAttributes = {
					509E70DC2DF6C23500C5ED79 = {
						CreatedOnToolsVersion = 16.3;
					};
					509E70E92DF6C23600C5ED79 = {
						CreatedOnToolsVersion = 16.3;
						TestTargetID = 509E70DC2DF6C23500C5ED79;
					};
					509E70F32DF6C23600C5ED79 = {
						CreatedOnToolsVersion = 16.3;
						TestTargetID = 509E70DC2DF6C23500C5ED79;
					};
				};
			};
			buildConfigurationList = 509E70D82DF6C23500C5ED79 /* Build configuration list for PBXProject "VisionExploration" */;
			developmentRegion = en;
			hasScannedForEncodings = 0;
			knownRegions = (
				en,
				Base,
			);
			mainGroup = 509E70D42DF6C23500C5ED79;
			minimizedProjectReferenceProxies = 1;
			preferredProjectObjectVersion = 77;
			productRefGroup = 509E70DE2DF6C23500C5ED79 /* Products */;
			projectDirPath = "";
			projectRoot = "";
			targets = (
				509E70DC2DF6C23500C5ED79 /* VisionExploration */,
				509E70E92DF6C23600C5ED79 /* VisionExplorationTests */,
				509E70F32DF6C23600C5ED79 /* VisionExplorationUITests */,
			);
		};
/* End PBXProject section */

/* Begin PBXResourcesBuildPhase section */
		509E70DB2DF6C23500C5ED79 /* Resources */ = {
			isa = PBXResourcesBuildPhase;
			buildActionMask = 2147483647;
			files = (
			);
			runOnlyForDeploymentPostprocessing = 0;
		};
		509E70E82DF6C23600C5ED79 /* Resources */ = {
			isa = PBXResourcesBuildPhase;
			buildActionMask = 2147483647;
			files = (
			);
			runOnlyForDeploymentPostprocessing = 0;
		};
		509E70F22DF6C23600C5ED79 /* Resources */ = {
			isa = PBXResourcesBuildPhase;
			buildActionMask = 2147483647;
			files = (
			);
			runOnlyForDeploymentPostprocessing = 0;
		};
/* End PBXResourcesBuildPhase section */

/* Begin PBXSourcesBuildPhase section */
		509E70D92DF6C23500C5ED79 /* Sources */ = {
			isa = PBXSourcesBuildPhase;
			buildActionMask = 2147483647;
			files = (
			);
			runOnlyForDeploymentPostprocessing = 0;
		};
		509E70E62DF6C23600C5ED79 /* Sources */ = {
			isa = PBXSourcesBuildPhase;
			buildActionMask = 2147483647;
			files = (
			);
			runOnlyForDeploymentPostprocessing = 0;
		};
		509E70F02DF6C23600C5ED79 /* Sources */ = {
			isa = PBXSourcesBuildPhase;
			buildActionMask = 2147483647;
			files = (
			);
			runOnlyForDeploymentPostprocessing = 0;
		};
/* End PBXSourcesBuildPhase section */

/* Begin PBXTargetDependency section */
		509E70EC2DF6C23600C5ED79 /* PBXTargetDependency */ = {
			isa = PBXTargetDependency;
			target = 509E70DC2DF6C23500C5ED79 /* VisionExploration */;
			targetProxy = 509E70EB2DF6C23600C5ED79 /* PBXContainerItemProxy */;
		};
		509E70F62DF6C23600C5ED79 /* PBXTargetDependency */ = {
			isa = PBXTargetDependency;
			target = 509E70DC2DF6C23500C5ED79 /* VisionExploration */;
			targetProxy = 509E70F52DF6C23600C5ED79 /* PBXContainerItemProxy */;
		};
/* End PBXTargetDependency section */

/* Begin XCBuildConfiguration section */
		509E70FC2DF6C23600C5ED79 /* Debug */ = {
			isa = XCBuildConfiguration;
			buildSettings = {
				ALWAYS_SEARCH_USER_PATHS = NO;
				ASSETCATALOG_COMPILER_GENERATE_SWIFT_ASSET_SYMBOL_EXTENSIONS = YES;
				CLANG_ANALYZER_NONNULL = YES;
				CLANG_ANALYZER_NUMBER_OBJECT_CONVERSION = YES_AGGRESSIVE;
				CLANG_CXX_LANGUAGE_STANDARD = "gnu++20";
				CLANG_ENABLE_MODULES = YES;
				CLANG_ENABLE_OBJC_ARC = YES;
				CLANG_ENABLE_OBJC_WEAK = YES;
				CLANG_WARN_BLOCK_CAPTURE_AUTORELEASING = YES;
				CLANG_WARN_BOOL_CONVERSION = YES;
				CLANG_WARN_COMMA = YES;
				CLANG_WARN_CONSTANT_CONVERSION = YES;
				CLANG_WARN_DEPRECATED_OBJC_IMPLEMENTATIONS = YES;
				CLANG_WARN_DIRECT_OBJC_ISA_USAGE = YES_ERROR;
				CLANG_WARN_DOCUMENTATION_COMMENTS = YES;
				CLANG_WARN_EMPTY_BODY = YES;
				CLANG_WARN_ENUM_CONVERSION = YES;
				CLANG_WARN_INFINITE_RECURSION = YES;
				CLANG_WARN_INT_CONVERSION = YES;
				CLANG_WARN_NON_LITERAL_NULL_CONVERSION = YES;
				CLANG_WARN_OBJC_IMPLICIT_RETAIN_SELF = YES;
				CLANG_WARN_OBJC_LITERAL_CONVERSION = YES;
				CLANG_WARN_OBJC_ROOT_CLASS = YES_ERROR;
				CLANG_WARN_QUOTED_INCLUDE_IN_FRAMEWORK_HEADER = YES;
				CLANG_WARN_RANGE_LOOP_ANALYSIS = YES;
				CLANG_WARN_STRICT_PROTOTYPES = YES;
				CLANG_WARN_SUSPICIOUS_MOVE = YES;
				CLANG_WARN_UNGUARDED_AVAILABILITY = YES_AGGRESSIVE;
				CLANG_WARN_UNREACHABLE_CODE = YES;
				CLANG_WARN__DUPLICATE_METHOD_MATCH = YES;
				COPY_PHASE_STRIP = NO;
				DEBUG_INFORMATION_FORMAT = dwarf;
				DEVELOPMENT_TEAM = X7K56B733J;
				ENABLE_STRICT_OBJC_MSGSEND = YES;
				ENABLE_TESTABILITY = YES;
				ENABLE_USER_SCRIPT_SANDBOXING = YES;
				GCC_C_LANGUAGE_STANDARD = gnu17;
				GCC_DYNAMIC_NO_PIC = NO;
				GCC_NO_COMMON_BLOCKS = YES;
				GCC_OPTIMIZATION_LEVEL = 0;
				GCC_PREPROCESSOR_DEFINITIONS = (
					"DEBUG=1",
					"$(inherited)",
				);
				GCC_WARN_64_TO_32_BIT_CONVERSION = YES;
				GCC_WARN_ABOUT_RETURN_TYPE = YES_ERROR;
				GCC_WARN_UNDECLARED_SELECTOR = YES;
				GCC_WARN_UNINITIALIZED_AUTOS = YES_AGGRESSIVE;
				GCC_WARN_UNUSED_FUNCTION = YES;
				GCC_WARN_UNUSED_VARIABLE = YES;
				IPHONEOS_DEPLOYMENT_TARGET = 18.4;
				LOCALIZATION_PREFERS_STRING_CATALOGS = YES;
				MTL_ENABLE_DEBUG_INFO = INCLUDE_SOURCE;
				MTL_FAST_MATH = YES;
				ONLY_ACTIVE_ARCH = YES;
				SDKROOT = iphoneos;
				SWIFT_ACTIVE_COMPILATION_CONDITIONS = "DEBUG $(inherited)";
				SWIFT_OPTIMIZATION_LEVEL = "-Onone";
			};
			name = Debug;
		};
		509E70FD2DF6C23600C5ED79 /* Release */ = {
			isa = XCBuildConfiguration;
			buildSettings = {
				ALWAYS_SEARCH_USER_PATHS = NO;
				ASSETCATALOG_COMPILER_GENERATE_SWIFT_ASSET_SYMBOL_EXTENSIONS = YES;
				CLANG_ANALYZER_NONNULL = YES;
				CLANG_ANALYZER_NUMBER_OBJECT_CONVERSION = YES_AGGRESSIVE;
				CLANG_CXX_LANGUAGE_STANDARD = "gnu++20";
				CLANG_ENABLE_MODULES = YES;
				CLANG_ENABLE_OBJC_ARC = YES;
				CLANG_ENABLE_OBJC_WEAK = YES;
				CLANG_WARN_BLOCK_CAPTURE_AUTORELEASING = YES;
				CLANG_WARN_BOOL_CONVERSION = YES;
				CLANG_WARN_COMMA = YES;
				CLANG_WARN_CONSTANT_CONVERSION = YES;
				CLANG_WARN_DEPRECATED_OBJC_IMPLEMENTATIONS = YES;
				CLANG_WARN_DIRECT_OBJC_ISA_USAGE = YES_ERROR;
				CLANG_WARN_DOCUMENTATION_COMMENTS = YES;
				CLANG_WARN_EMPTY_BODY = YES;
				CLANG_WARN_ENUM_CONVERSION = YES;
				CLANG_WARN_INFINITE_RECURSION = YES;
				CLANG_WARN_INT_CONVERSION = YES;
				CLANG_WARN_NON_LITERAL_NULL_CONVERSION = YES;
				CLANG_WARN_OBJC_IMPLICIT_RETAIN_SELF = YES;
				CLANG_WARN_OBJC_LITERAL_CONVERSION = YES;
				CLANG_WARN_OBJC_ROOT_CLASS = YES_ERROR;
				CLANG_WARN_QUOTED_INCLUDE_IN_FRAMEWORK_HEADER = YES;
				CLANG_WARN_RANGE_LOOP_ANALYSIS = YES;
				CLANG_WARN_STRICT_PROTOTYPES = YES;
				CLANG_WARN_SUSPICIOUS_MOVE = YES;
				CLANG_WARN_UNGUARDED_AVAILABILITY = YES_AGGRESSIVE;
				CLANG_WARN_UNREACHABLE_CODE = YES;
				CLANG_WARN__DUPLICATE_METHOD_MATCH = YES;
				COPY_PHASE_STRIP = NO;
				DEBUG_INFORMATION_FORMAT = "dwarf-with-dsym";
				DEVELOPMENT_TEAM = X7K56B733J;
				ENABLE_NS_ASSERTIONS = NO;
				ENABLE_STRICT_OBJC_MSGSEND = YES;
				ENABLE_USER_SCRIPT_SANDBOXING = YES;
				GCC_C_LANGUAGE_STANDARD = gnu17;
				GCC_NO_COMMON_BLOCKS = YES;
				GCC_WARN_64_TO_32_BIT_CONVERSION = YES;
				GCC_WARN_ABOUT_RETURN_TYPE = YES_ERROR;
				GCC_WARN_UNDECLARED_SELECTOR = YES;
				GCC_WARN_UNINITIALIZED_AUTOS = YES_AGGRESSIVE;
				GCC_WARN_UNUSED_FUNCTION = YES;
				GCC_WARN_UNUSED_VARIABLE = YES;
				IPHONEOS_DEPLOYMENT_TARGET = 18.4;
				LOCALIZATION_PREFERS_STRING_CATALOGS = YES;
				MTL_ENABLE_DEBUG_INFO = NO;
				MTL_FAST_MATH = YES;
				SDKROOT = iphoneos;
				SWIFT_COMPILATION_MODE = wholemodule;
				VALIDATE_PRODUCT = YES;
			};
			name = Release;
		};
		509E70FF2DF6C23600C5ED79 /* Debug */ = {
			isa = XCBuildConfiguration;
			buildSettings = {
				ASSETCATALOG_COMPILER_APPICON_NAME = AppIcon;
				ASSETCATALOG_COMPILER_GLOBAL_ACCENT_COLOR_NAME = AccentColor;
				CODE_SIGN_STYLE = Automatic;
				CURRENT_PROJECT_VERSION = 1;
				DEVELOPMENT_TEAM = X7K56B733J;
				ENABLE_PREVIEWS = YES;
				GENERATE_INFOPLIST_FILE = YES;
				INFOPLIST_FILE = VisionExploration/Info.plist;
				INFOPLIST_KEY_UIApplicationSceneManifest_Generation = YES;
				INFOPLIST_KEY_UIApplicationSupportsIndirectInputEvents = YES;
				INFOPLIST_KEY_UILaunchScreen_Generation = YES;
				INFOPLIST_KEY_UISupportedInterfaceOrientations_iPad = "UIInterfaceOrientationPortrait UIInterfaceOrientationPortraitUpsideDown UIInterfaceOrientationLandscapeLeft UIInterfaceOrientationLandscapeRight";
				INFOPLIST_KEY_UISupportedInterfaceOrientations_iPhone = "UIInterfaceOrientationPortrait UIInterfaceOrientationLandscapeLeft UIInterfaceOrientationLandscapeRight";
				LD_RUNPATH_SEARCH_PATHS = (
					"$(inherited)",
					"@executable_path/Frameworks",
				);
				MARKETING_VERSION = 1.0;
				PRODUCT_BUNDLE_IDENTIFIER = com.caknoo.VisionExploration;
				PRODUCT_NAME = "$(TARGET_NAME)";
				SWIFT_EMIT_LOC_STRINGS = YES;
				SWIFT_VERSION = 5.0;
				TARGETED_DEVICE_FAMILY = "1,2";
			};
			name = Debug;
		};
		509E71002DF6C23600C5ED79 /* Release */ = {
			isa = XCBuildConfiguration;
			buildSettings = {
				ASSETCATALOG_COMPILER_APPICON_NAME = AppIcon;
				ASSETCATALOG_COMPILER_GLOBAL_ACCENT_COLOR_NAME = AccentColor;
				CODE_SIGN_STYLE = Automatic;
				CURRENT_PROJECT_VERSION = 1;
				DEVELOPMENT_TEAM = X7K56B733J;
				ENABLE_PREVIEWS = YES;
				GENERATE_INFOPLIST_FILE = YES;
				INFOPLIST_FILE = VisionExploration/Info.plist;
				INFOPLIST_KEY_UIApplicationSceneManifest_Generation = YES;
				INFOPLIST_KEY_UIApplicationSupportsIndirectInputEvents = YES;
				INFOPLIST_KEY_UILaunchScreen_Generation = YES;
				INFOPLIST_KEY_UISupportedInterfaceOrientations_iPad = "UIInterfaceOrientationPortrait UIInterfaceOrientationPortraitUpsideDown UIInterfaceOrientationLandscapeLeft UIInterfaceOrientationLandscapeRight";
				INFOPLIST_KEY_UISupportedInterfaceOrientations_iPhone = "UIInterfaceOrientationPortrait UIInterfaceOrientationLandscapeLeft UIInterfaceOrientationLandscapeRight";
				LD_RUNPATH_SEARCH_PATHS = (
					"$(inherited)",
					"@executable_path/Frameworks",
				);
				MARKETING_VERSION = 1.0;
				PRODUCT_BUNDLE_IDENTIFIER = com.caknoo.VisionExploration;
				PRODUCT_NAME = "$(TARGET_NAME)";
				SWIFT_EMIT_LOC_STRINGS = YES;
				SWIFT_VERSION = 5.0;
				TARGETED_DEVICE_FAMILY = "1,2";
			};
			name = Release;
		};
		509E71022DF6C23600C5ED79 /* Debug */ = {
			isa = XCBuildConfiguration;
			buildSettings = {
				BUNDLE_LOADER = "$(TEST_HOST)";
				CODE_SIGN_STYLE = Automatic;
				CURRENT_PROJECT_VERSION = 1;
				DEVELOPMENT_TEAM = X7K56B733J;
				GENERATE_INFOPLIST_FILE = YES;
				IPHONEOS_DEPLOYMENT_TARGET = 18.4;
				MARKETING_VERSION = 1.0;
				PRODUCT_BUNDLE_IDENTIFIER = com.caknoo.VisionExplorationTests;
				PRODUCT_NAME = "$(TARGET_NAME)";
				SWIFT_EMIT_LOC_STRINGS = NO;
				SWIFT_VERSION = 5.0;
				TARGETED_DEVICE_FAMILY = "1,2";
				TEST_HOST = "$(BUILT_PRODUCTS_DIR)/VisionExploration.app/$(BUNDLE_EXECUTABLE_FOLDER_PATH)/VisionExploration";
			};
			name = Debug;
		};
		509E71032DF6C23600C5ED79 /* Release */ = {
			isa = XCBuildConfiguration;
			buildSettings = {
				BUNDLE_LOADER = "$(TEST_HOST)";
				CODE_SIGN_STYLE = Automatic;
				CURRENT_PROJECT_VERSION = 1;
				DEVELOPMENT_TEAM = X7K56B733J;
				GENERATE_INFOPLIST_FILE = YES;
				IPHONEOS_DEPLOYMENT_TARGET = 18.4;
				MARKETING_VERSION = 1.0;
				PRODUCT_BUNDLE_IDENTIFIER = com.caknoo.VisionExplorationTests;
				PRODUCT_NAME = "$(TARGET_NAME)";
				SWIFT_EMIT_LOC_STRINGS = NO;
				SWIFT_VERSION = 5.0;
				TARGETED_DEVICE_FAMILY = "1,2";
				TEST_HOST = "$(BUILT_PRODUCTS_DIR)/VisionExploration.app/$(BUNDLE_EXECUTABLE_FOLDER_PATH)/VisionExploration";
			};
			name = Release;
		};
		509E71052DF6C23600C5ED79 /* Debug */ = {
			isa = XCBuildConfiguration;
			buildSettings = {
				CODE_SIGN_STYLE = Automatic;
				CURRENT_PROJECT_VERSION = 1;
				DEVELOPMENT_TEAM = X7K56B733J;
				GENERATE_INFOPLIST_FILE = YES;
				MARKETING_VERSION = 1.0;
				PRODUCT_BUNDLE_IDENTIFIER = com.caknoo.VisionExplorationUITests;
				PRODUCT_NAME = "$(TARGET_NAME)";
				SWIFT_EMIT_LOC_STRINGS = NO;
				SWIFT_VERSION = 5.0;
				TARGETED_DEVICE_FAMILY = "1,2";
				TEST_TARGET_NAME = VisionExploration;
			};
			name = Debug;
		};
		509E71062DF6C23600C5ED79 /* Release */ = {
			isa = XCBuildConfiguration;
			buildSettings = {
				CODE_SIGN_STYLE = Automatic;
				CURRENT_PROJECT_VERSION = 1;
				DEVELOPMENT_TEAM = X7K56B733J;
				GENERATE_INFOPLIST_FILE = YES;
				MARKETING_VERSION = 1.0;
				PRODUCT_BUNDLE_IDENTIFIER = com.caknoo.VisionExplorationUITests;
				PRODUCT_NAME = "$(TARGET_NAME)";
				SWIFT_EMIT_LOC_STRINGS = NO;
				SWIFT_VERSION = 5.0;
				TARGETED_DEVICE_FAMILY = "1,2";
				TEST_TARGET_NAME = VisionExploration;
			};
			name = Release;
		};
/* End XCBuildConfiguration section */

/* Begin XCConfigurationList section */
		509E70D82DF6C23500C5ED79 /* Build configuration list for PBXProject "VisionExploration" */ = {
			isa = XCConfigurationList;
			buildConfigurations = (
				509E70FC2DF6C23600C5ED79 /* Debug */,
				509E70FD2DF6C23600C5ED79 /* Release */,
			);
			defaultConfigurationIsVisible = 0;
			defaultConfigurationName = Release;
		};
		509E70FE2DF6C23600C5ED79 /* Build configuration list for PBXNativeTarget "VisionExploration" */ = {
			isa = XCConfigurationList;
			buildConfigurations = (
				509E70FF2DF6C23600C5ED79 /* Debug */,
				509E71002DF6C23600C5ED79 /* Release */,
			);
			defaultConfigurationIsVisible = 0;
			defaultConfigurationName = Release;
		};
		509E71012DF6C23600C5ED79 /* Build configuration list for PBXNativeTarget "VisionExplorationTests" */ = {
			isa = XCConfigurationList;
			buildConfigurations = (
				509E71022DF6C23600C5ED79 /* Debug */,
				509E71032DF6C23600C5ED79 /* Release */,
			);
			defaultConfigurationIsVisible = 0;
			defaultConfigurationName = Release;
		};
		509E71042DF6C23600C5ED79 /* Build configuration list for PBXNativeTarget "VisionExplorationUITests" */ = {
			isa = XCConfigurationList;
			buildConfigurations = (
				509E71052DF6C23600C5ED79 /* Debug */,
				509E71062DF6C23600C5ED79 /* Release */,
			);
			defaultConfigurationIsVisible = 0;
			defaultConfigurationName = Release;
		};
/* End XCConfigurationList section */
	};
	rootObject = 509E70D52DF6C23500C5ED79 /* Project object */;
}
